{
  "name": "search-panel",
  "version": "0.1.3",
  "lockfileVersion": 3,
  "requires": true,
  "packages": {
    "": {
      "name": "search-panel",
      "version": "0.219.8",
      "license": "MIT",
      "dependencies": {
        "etch": "0.9.3"
      },
      "engines": {
        "atom": "*"
      }
    },
    "node_modules/etch": {
      "version": "0.9.3",
      "resolved": "https://registry.npmjs.org/etch/-/etch-0.9.3.tgz",
      "integrity": "sha512-BqN9PcqhpyUPwrWf/jiWHYGQnaOgR0m6WKxyAIn0le95FF7RSeCy7jJYyJfVq67s6x0tgn+b6mbGmfpNH6xHMw=="
    }
  }
}
